
Microsoft Visual Studio Solution File, Format Version 12.00
# Visual Studio 15
VisualStudioVersion = 15.0.27428.2037
MinimumVisualStudioVersion = 10.0.40219.1
Project("{2150E333-8FDC-42A3-9474-1A3956D46DE8}") = "Core", "Core", "{C04AD8B9-BBC8-4C39-B7C8-FDE44D0C732E}"
EndProject
Project("{2150E333-8FDC-42A3-9474-1A3956D46DE8}") = "Framework", "Framework", "{E8390F90-EAB2-4CED-9315-0A5997570946}"
EndProject
Project("{2150E333-8FDC-42A3-9474-1A3956D46DE8}") = "Microservices", "Microservices", "{7BDADF7B-37A4-4B95-86EF-42A82F98D6A0}"
EndProject
Project("{2150E333-8FDC-42A3-9474-1A3956D46DE8}") = "Tests", "Tests", "{24988875-BFD7-4999-8B20-7DA0E12A7BF2}"
EndProject
Project("{9A19103F-16F7-4668-BE54-9A1E7A4F7556}") = "HBSIS.Framework", "..\Core\Framework\HBSIS.Framework\HBSIS.Framework.csproj", "{272C3267-12A3-4669-A52D-C869246994DF}"
EndProject
Project("{9A19103F-16F7-4668-BE54-9A1E7A4F7556}") = "HBSIS.GE.FileImporter", "..\Core\Business\HBSIS.GE.FileImporter\HBSIS.GE.FileImporter.csproj", "{B025F110-D9D5-431F-8C58-2F46D6B0982E}"
EndProject
Project("{9A19103F-16F7-4668-BE54-9A1E7A4F7556}") = "HBSIS.GE.FileImporter.Consumer", "..\Services\Microservices\HBSIS.GE.FileImporter.Consumer\HBSIS.GE.FileImporter.Consumer.csproj", "{C93CC112-0408-49C9-B667-65BDA3A7353C}"
EndProject
Project("{9A19103F-16F7-4668-BE54-9A1E7A4F7556}") = "HBSIS.GE.FileImporter.Producer", "..\Services\Microservices\HBSIS.GE.FileImporter.Producer\HBSIS.GE.FileImporter.Producer.csproj", "{BEFBFB48-2F01-4B3D-B047-C504197549B2}"
EndProject
Project("{9A19103F-16F7-4668-BE54-9A1E7A4F7556}") = "HBSIS.MercadoLes.CustoAdicionalBrf", "..\Services\Microservices\HBSIS.MercadoLes.CustoAdicionalBrf\HBSIS.MercadoLes.CustoAdicionalBrf.csproj", "{DD62BCE9-F454-4AFD-943E-6D51B752A0D5}"
EndProject
Project("{9A19103F-16F7-4668-BE54-9A1E7A4F7556}") = "HBSIS.MercadoLes.CustoAdicionalBrf.Tests", "HBSIS.MercadoLes.CustoAdicional.Tests\HBSIS.MercadoLes.CustoAdicionalBrf.Tests.csproj", "{9C5BD680-353C-4105-A8D1-3E3366759081}"
EndProject
Project("{9A19103F-16F7-4668-BE54-9A1E7A4F7556}") = "HBSIS.MercadoLes", "..\Core\Business\HBSIS.MercadoLes\HBSIS.MercadoLes.csproj", "{B924AF40-249B-40C7-824C-BD132284ACC1}"
EndProject
Global
	GlobalSection(SolutionConfigurationPlatforms) = preSolution
		Debug|Any CPU = Debug|Any CPU
		Release|Any CPU = Release|Any CPU
	EndGlobalSection
	GlobalSection(ProjectConfigurationPlatforms) = postSolution
		{272C3267-12A3-4669-A52D-C869246994DF}.Debug|Any CPU.ActiveCfg = Debug|Any CPU
		{272C3267-12A3-4669-A52D-C869246994DF}.Debug|Any CPU.Build.0 = Debug|Any CPU
		{272C3267-12A3-4669-A52D-C869246994DF}.Release|Any CPU.ActiveCfg = Release|Any CPU
		{272C3267-12A3-4669-A52D-C869246994DF}.Release|Any CPU.Build.0 = Release|Any CPU
		{B025F110-D9D5-431F-8C58-2F46D6B0982E}.Debug|Any CPU.ActiveCfg = Debug|Any CPU
		{B025F110-D9D5-431F-8C58-2F46D6B0982E}.Debug|Any CPU.Build.0 = Debug|Any CPU
		{B025F110-D9D5-431F-8C58-2F46D6B0982E}.Release|Any CPU.ActiveCfg = Release|Any CPU
		{B025F110-D9D5-431F-8C58-2F46D6B0982E}.Release|Any CPU.Build.0 = Release|Any CPU
		{C93CC112-0408-49C9-B667-65BDA3A7353C}.Debug|Any CPU.ActiveCfg = Debug|Any CPU
		{C93CC112-0408-49C9-B667-65BDA3A7353C}.Debug|Any CPU.Build.0 = Debug|Any CPU
		{C93CC112-0408-49C9-B667-65BDA3A7353C}.Release|Any CPU.ActiveCfg = Release|Any CPU
		{C93CC112-0408-49C9-B667-65BDA3A7353C}.Release|Any CPU.Build.0 = Release|Any CPU
		{BEFBFB48-2F01-4B3D-B047-C504197549B2}.Debug|Any CPU.ActiveCfg = Debug|Any CPU
		{BEFBFB48-2F01-4B3D-B047-C504197549B2}.Debug|Any CPU.Build.0 = Debug|Any CPU
		{BEFBFB48-2F01-4B3D-B047-C504197549B2}.Release|Any CPU.ActiveCfg = Release|Any CPU
		{BEFBFB48-2F01-4B3D-B047-C504197549B2}.Release|Any CPU.Build.0 = Release|Any CPU
		{DD62BCE9-F454-4AFD-943E-6D51B752A0D5}.Debug|Any CPU.ActiveCfg = Debug|Any CPU
		{DD62BCE9-F454-4AFD-943E-6D51B752A0D5}.Debug|Any CPU.Build.0 = Debug|Any CPU
		{DD62BCE9-F454-4AFD-943E-6D51B752A0D5}.Release|Any CPU.ActiveCfg = Release|Any CPU
		{DD62BCE9-F454-4AFD-943E-6D51B752A0D5}.Release|Any CPU.Build.0 = Release|Any CPU
		{9C5BD680-353C-4105-A8D1-3E3366759081}.Debug|Any CPU.ActiveCfg = Debug|Any CPU
		{9C5BD680-353C-4105-A8D1-3E3366759081}.Debug|Any CPU.Build.0 = Debug|Any CPU
		{9C5BD680-353C-4105-A8D1-3E3366759081}.Release|Any CPU.ActiveCfg = Release|Any CPU
		{9C5BD680-353C-4105-A8D1-3E3366759081}.Release|Any CPU.Build.0 = Release|Any CPU
		{B924AF40-249B-40C7-824C-BD132284ACC1}.Debug|Any CPU.ActiveCfg = Debug|Any CPU
		{B924AF40-249B-40C7-824C-BD132284ACC1}.Debug|Any CPU.Build.0 = Debug|Any CPU
		{B924AF40-249B-40C7-824C-BD132284ACC1}.Release|Any CPU.ActiveCfg = Release|Any CPU
		{B924AF40-249B-40C7-824C-BD132284ACC1}.Release|Any CPU.Build.0 = Release|Any CPU
	EndGlobalSection
	GlobalSection(SolutionProperties) = preSolution
		HideSolutionNode = FALSE
	EndGlobalSection
	GlobalSection(NestedProjects) = preSolution
		{24988875-BFD7-4999-8B20-7DA0E12A7BF2} = {7BDADF7B-37A4-4B95-86EF-42A82F98D6A0}
		{272C3267-12A3-4669-A52D-C869246994DF} = {E8390F90-EAB2-4CED-9315-0A5997570946}
		{B025F110-D9D5-431F-8C58-2F46D6B0982E} = {C04AD8B9-BBC8-4C39-B7C8-FDE44D0C732E}
		{C93CC112-0408-49C9-B667-65BDA3A7353C} = {7BDADF7B-37A4-4B95-86EF-42A82F98D6A0}
		{BEFBFB48-2F01-4B3D-B047-C504197549B2} = {7BDADF7B-37A4-4B95-86EF-42A82F98D6A0}
		{DD62BCE9-F454-4AFD-943E-6D51B752A0D5} = {7BDADF7B-37A4-4B95-86EF-42A82F98D6A0}
		{9C5BD680-353C-4105-A8D1-3E3366759081} = {24988875-BFD7-4999-8B20-7DA0E12A7BF2}
		{B924AF40-249B-40C7-824C-BD132284ACC1} = {C04AD8B9-BBC8-4C39-B7C8-FDE44D0C732E}
	EndGlobalSection
	GlobalSection(ExtensibilityGlobals) = postSolution
		SolutionGuid = {F1C08CD3-A547-4761-89AF-2F538724074B}
	EndGlobalSection
EndGlobal
