
Microsoft Visual Studio Solution File, Format Version 12.00
# Visual Studio 15
VisualStudioVersion = 15.0.27428.2037
MinimumVisualStudioVersion = 10.0.40219.1
Project("{FAE04EC0-301F-11D3-BF4B-00C04F79EFBC}") = "HBSIS.Framework", "HBSIS.Framework\HBSIS.Framework.csproj", "{6505D587-93FB-4E57-94F7-6F939007D89A}"
EndProject
Global
	GlobalSection(SolutionConfigurationPlatforms) = preSolution
		Debug|Any CPU = Debug|Any CPU
		Release|Any CPU = Release|Any CPU
	EndGlobalSection
	GlobalSection(ProjectConfigurationPlatforms) = postSolution
		{6505D587-93FB-4E57-94F7-6F939007D89A}.Debug|Any CPU.ActiveCfg = Debug|Any CPU
		{6505D587-93FB-4E57-94F7-6F939007D89A}.Debug|Any CPU.Build.0 = Debug|Any CPU
		{6505D587-93FB-4E57-94F7-6F939007D89A}.Release|Any CPU.ActiveCfg = Release|Any CPU
		{6505D587-93FB-4E57-94F7-6F939007D89A}.Release|Any CPU.Build.0 = Release|Any CPU
	EndGlobalSection
	GlobalSection(SolutionProperties) = preSolution
		HideSolutionNode = FALSE
	EndGlobalSection
	GlobalSection(ExtensibilityGlobals) = postSolution
		SolutionGuid = {5C1382B5-4CB8-4C46-AF69-9BDC2630981A}
	EndGlobalSection
EndGlobal
