
Microsoft Visual Studio Solution File, Format Version 12.00
# Visual Studio 15
VisualStudioVersion = 15.0.27428.2037
MinimumVisualStudioVersion = 10.0.40219.1
Project("{2150E333-8FDC-42A3-9474-1A3956D46DE8}") = "Core", "Core", "{1BC0F8A5-0F7D-40E7-9C8E-55890B5B08DB}"
EndProject
Project("{2150E333-8FDC-42A3-9474-1A3956D46DE8}") = "Framework", "Framework", "{0036CD1C-A55B-496A-A987-FA5982D5729B}"
EndProject
Project("{2150E333-8FDC-42A3-9474-1A3956D46DE8}") = "Microservices", "Microservices", "{4ACCC374-72F3-4587-A780-5986810DB157}"
EndProject
Project("{9A19103F-16F7-4668-BE54-9A1E7A4F7556}") = "HBSIS.Framework", "..\..\Core\Framework\HBSIS.Framework\HBSIS.Framework.csproj", "{1562645D-F538-44C2-B22A-68D084929819}"
EndProject
Project("{9A19103F-16F7-4668-BE54-9A1E7A4F7556}") = "HBSIS.GE.FileImporter.Consumer", "HBSIS.GE.FileImporter.Consumer\HBSIS.GE.FileImporter.Consumer.csproj", "{40F11EBE-7F86-4DCE-AAF9-A1B8AA047720}"
EndProject
Project("{9A19103F-16F7-4668-BE54-9A1E7A4F7556}") = "HBSIS.GE.FileImporter.Producer", "HBSIS.GE.FileImporter.Producer\HBSIS.GE.FileImporter.Producer.csproj", "{4D8E9A15-FFFF-4201-ACC2-852B3D34488D}"
EndProject
Project("{9A19103F-16F7-4668-BE54-9A1E7A4F7556}") = "HBSIS.GE.FileImporter", "..\..\Core\Business\HBSIS.GE.FileImporter\HBSIS.GE.FileImporter.csproj", "{DA88AF89-6CF3-404B-80CD-A1AEF1F166E1}"
EndProject
Project("{9A19103F-16F7-4668-BE54-9A1E7A4F7556}") = "HBSIS.MercadoLes.CustoAdicionalBrf", "HBSIS.MercadoLes.CustoAdicionalBrf\HBSIS.MercadoLes.CustoAdicionalBrf.csproj", "{C3903E21-B94E-4F1C-A50A-D19882DEF171}"
EndProject
Project("{9A19103F-16F7-4668-BE54-9A1E7A4F7556}") = "HBSIS.MercadoLes", "..\..\Core\Business\HBSIS.MercadoLes\HBSIS.MercadoLes.csproj", "{73335DA4-2B27-403C-B1A4-B6879F335A6C}"
EndProject
Global
	GlobalSection(SolutionConfigurationPlatforms) = preSolution
		Debug|Any CPU = Debug|Any CPU
		Release|Any CPU = Release|Any CPU
	EndGlobalSection
	GlobalSection(ProjectConfigurationPlatforms) = postSolution
		{1562645D-F538-44C2-B22A-68D084929819}.Debug|Any CPU.ActiveCfg = Debug|Any CPU
		{1562645D-F538-44C2-B22A-68D084929819}.Debug|Any CPU.Build.0 = Debug|Any CPU
		{1562645D-F538-44C2-B22A-68D084929819}.Release|Any CPU.ActiveCfg = Release|Any CPU
		{1562645D-F538-44C2-B22A-68D084929819}.Release|Any CPU.Build.0 = Release|Any CPU
		{40F11EBE-7F86-4DCE-AAF9-A1B8AA047720}.Debug|Any CPU.ActiveCfg = Debug|Any CPU
		{40F11EBE-7F86-4DCE-AAF9-A1B8AA047720}.Debug|Any CPU.Build.0 = Debug|Any CPU
		{40F11EBE-7F86-4DCE-AAF9-A1B8AA047720}.Release|Any CPU.ActiveCfg = Release|Any CPU
		{40F11EBE-7F86-4DCE-AAF9-A1B8AA047720}.Release|Any CPU.Build.0 = Release|Any CPU
		{4D8E9A15-FFFF-4201-ACC2-852B3D34488D}.Debug|Any CPU.ActiveCfg = Debug|Any CPU
		{4D8E9A15-FFFF-4201-ACC2-852B3D34488D}.Debug|Any CPU.Build.0 = Debug|Any CPU
		{4D8E9A15-FFFF-4201-ACC2-852B3D34488D}.Release|Any CPU.ActiveCfg = Release|Any CPU
		{4D8E9A15-FFFF-4201-ACC2-852B3D34488D}.Release|Any CPU.Build.0 = Release|Any CPU
		{DA88AF89-6CF3-404B-80CD-A1AEF1F166E1}.Debug|Any CPU.ActiveCfg = Debug|Any CPU
		{DA88AF89-6CF3-404B-80CD-A1AEF1F166E1}.Debug|Any CPU.Build.0 = Debug|Any CPU
		{DA88AF89-6CF3-404B-80CD-A1AEF1F166E1}.Release|Any CPU.ActiveCfg = Release|Any CPU
		{DA88AF89-6CF3-404B-80CD-A1AEF1F166E1}.Release|Any CPU.Build.0 = Release|Any CPU
		{C3903E21-B94E-4F1C-A50A-D19882DEF171}.Debug|Any CPU.ActiveCfg = Debug|Any CPU
		{C3903E21-B94E-4F1C-A50A-D19882DEF171}.Debug|Any CPU.Build.0 = Debug|Any CPU
		{C3903E21-B94E-4F1C-A50A-D19882DEF171}.Release|Any CPU.ActiveCfg = Release|Any CPU
		{C3903E21-B94E-4F1C-A50A-D19882DEF171}.Release|Any CPU.Build.0 = Release|Any CPU
		{73335DA4-2B27-403C-B1A4-B6879F335A6C}.Debug|Any CPU.ActiveCfg = Debug|Any CPU
		{73335DA4-2B27-403C-B1A4-B6879F335A6C}.Debug|Any CPU.Build.0 = Debug|Any CPU
		{73335DA4-2B27-403C-B1A4-B6879F335A6C}.Release|Any CPU.ActiveCfg = Release|Any CPU
		{73335DA4-2B27-403C-B1A4-B6879F335A6C}.Release|Any CPU.Build.0 = Release|Any CPU
	EndGlobalSection
	GlobalSection(SolutionProperties) = preSolution
		HideSolutionNode = FALSE
	EndGlobalSection
	GlobalSection(NestedProjects) = preSolution
		{1562645D-F538-44C2-B22A-68D084929819} = {0036CD1C-A55B-496A-A987-FA5982D5729B}
		{40F11EBE-7F86-4DCE-AAF9-A1B8AA047720} = {4ACCC374-72F3-4587-A780-5986810DB157}
		{4D8E9A15-FFFF-4201-ACC2-852B3D34488D} = {4ACCC374-72F3-4587-A780-5986810DB157}
		{DA88AF89-6CF3-404B-80CD-A1AEF1F166E1} = {1BC0F8A5-0F7D-40E7-9C8E-55890B5B08DB}
		{C3903E21-B94E-4F1C-A50A-D19882DEF171} = {4ACCC374-72F3-4587-A780-5986810DB157}
		{73335DA4-2B27-403C-B1A4-B6879F335A6C} = {1BC0F8A5-0F7D-40E7-9C8E-55890B5B08DB}
	EndGlobalSection
	GlobalSection(ExtensibilityGlobals) = postSolution
		SolutionGuid = {19E04869-5A30-4C99-A572-A6AA2EE65D69}
	EndGlobalSection
EndGlobal
